
Microsoft Visual Studio Solution File, Format Version 12.00
# Visual Studio Version 17
VisualStudioVersion = 17.7.34221.43
MinimumVisualStudioVersion = 10.0.40219.1
Project("{FAE04EC0-301F-11D3-BF4B-00C04F79EFBC}") = "Proyecto1_MZ_MJ", "Proyecto1_MZ_MJ.csproj", "{F4E4EF75-D4CD-4424-8E76-97B55B145F69}"
EndProject
Global
	GlobalSection(SolutionConfigurationPlatforms) = preSolution
		Debug|Any CPU = Debug|Any CPU
		Release|Any CPU = Release|Any CPU
	EndGlobalSection
	GlobalSection(ProjectConfigurationPlatforms) = postSolution
		{F4E4EF75-D4CD-4424-8E76-97B55B145F69}.Debug|Any CPU.ActiveCfg = Debug|Any CPU
		{F4E4EF75-D4CD-4424-8E76-97B55B145F69}.Debug|Any CPU.Build.0 = Debug|Any CPU
		{F4E4EF75-D4CD-4424-8E76-97B55B145F69}.Release|Any CPU.ActiveCfg = Release|Any CPU
		{F4E4EF75-D4CD-4424-8E76-97B55B145F69}.Release|Any CPU.Build.0 = Release|Any CPU
	EndGlobalSection
	GlobalSection(SolutionProperties) = preSolution
		HideSolutionNode = FALSE
	EndGlobalSection
	GlobalSection(ExtensibilityGlobals) = postSolution
		SolutionGuid = {55B0C79D-71B5-403A-B6B8-BB171512957E}
	EndGlobalSection
EndGlobal
